
Microsoft Visual Studio Solution File, Format Version 12.00
# Visual Studio 2012
Project("{159641D6-6404-4A2A-AE62-294DE0FE8301}") = "EMRB", "EMRB\EMRB.dtproj", "{7AF23D4D-C41F-4E5F-94B2-0C116A7EEABE}"
EndProject
Global
	GlobalSection(TeamFoundationVersionControl) = preSolution
		SccNumberOfProjects = 2
		SccEnterpriseProvider = {4CA58AB2-18FA-4F8D-95D4-32DDF27D184C}
		SccTeamFoundationServer = http://wchltfs01:8080/tfs/eep
		SccLocalPath0 = .
		SccProjectUniqueName1 = EMRB\\EMRB.dtproj
		SccProjectName1 = EMRB
		SccLocalPath1 = EMRB
	EndGlobalSection
	GlobalSection(SolutionConfigurationPlatforms) = preSolution
		Development|Default = Development|Default
	EndGlobalSection
	GlobalSection(ProjectConfigurationPlatforms) = postSolution
		{7AF23D4D-C41F-4E5F-94B2-0C116A7EEABE}.Development|Default.ActiveCfg = Development
		{7AF23D4D-C41F-4E5F-94B2-0C116A7EEABE}.Development|Default.Build.0 = Development
	EndGlobalSection
	GlobalSection(SolutionProperties) = preSolution
		HideSolutionNode = FALSE
	EndGlobalSection
EndGlobal
