
Microsoft Visual Studio Solution File, Format Version 12.00
# Visual Studio 2013
VisualStudioVersion = 12.0.21005.1
MinimumVisualStudioVersion = 10.0.40219.1
Project("{FAE04EC0-301F-11D3-BF4B-00C04F79EFBC}") = "WebServiceDocs", "WebServiceDocs\WebServiceDocs.csproj", "{1054CD5C-7E86-4220-83D8-CF533BBE9F80}"
EndProject
Global
	GlobalSection(TeamFoundationVersionControl) = preSolution
		SccNumberOfProjects = 2
		SccEnterpriseProvider = {4CA58AB2-18FA-4F8D-95D4-32DDF27D184C}
		SccTeamFoundationServer = http://wchltfs01:8080/tfs/eep
		SccLocalPath0 = .
		SccProjectUniqueName1 = WebServiceDocs\\WebServiceDocs.csproj
		SccProjectName1 = WebServiceDocs
		SccLocalPath1 = WebServiceDocs
	EndGlobalSection
	GlobalSection(SolutionConfigurationPlatforms) = preSolution
		Debug|Any CPU = Debug|Any CPU
		Release|Any CPU = Release|Any CPU
	EndGlobalSection
	GlobalSection(ProjectConfigurationPlatforms) = postSolution
		{1054CD5C-7E86-4220-83D8-CF533BBE9F80}.Debug|Any CPU.ActiveCfg = Debug|Any CPU
		{1054CD5C-7E86-4220-83D8-CF533BBE9F80}.Debug|Any CPU.Build.0 = Debug|Any CPU
		{1054CD5C-7E86-4220-83D8-CF533BBE9F80}.Release|Any CPU.ActiveCfg = Release|Any CPU
		{1054CD5C-7E86-4220-83D8-CF533BBE9F80}.Release|Any CPU.Build.0 = Release|Any CPU
	EndGlobalSection
	GlobalSection(SolutionProperties) = preSolution
		HideSolutionNode = FALSE
	EndGlobalSection
EndGlobal
